
Microsoft Visual Studio Solution File, Format Version 12.00
# Visual Studio Version 17
VisualStudioVersion = 17.6.33829.357
MinimumVisualStudioVersion = 10.0.40219.1
Project("{FAE04EC0-301F-11D3-BF4B-00C04F79EFBC}") = "TheGoodDevelopper", "TheGoodDevelopper\TheGoodDevelopper.csproj", "{E1BB5B76-E54F-43CF-9B23-18821E62CCF5}"
EndProject
Global
	GlobalSection(SolutionConfigurationPlatforms) = preSolution
		Debug|Any CPU = Debug|Any CPU
		Release|Any CPU = Release|Any CPU
	EndGlobalSection
	GlobalSection(ProjectConfigurationPlatforms) = postSolution
		{E1BB5B76-E54F-43CF-9B23-18821E62CCF5}.Debug|Any CPU.ActiveCfg = Debug|Any CPU
		{E1BB5B76-E54F-43CF-9B23-18821E62CCF5}.Debug|Any CPU.Build.0 = Debug|Any CPU
		{E1BB5B76-E54F-43CF-9B23-18821E62CCF5}.Release|Any CPU.ActiveCfg = Release|Any CPU
		{E1BB5B76-E54F-43CF-9B23-18821E62CCF5}.Release|Any CPU.Build.0 = Release|Any CPU
	EndGlobalSection
	GlobalSection(SolutionProperties) = preSolution
		HideSolutionNode = FALSE
	EndGlobalSection
	GlobalSection(ExtensibilityGlobals) = postSolution
		SolutionGuid = {472D4427-2E9A-4B0E-B9EC-4F117AEA7FC8}
	EndGlobalSection
EndGlobal
